
Microsoft Visual Studio Solution File, Format Version 12.00
# Visual Studio Version 17
VisualStudioVersion = 17.2.32602.215
MinimumVisualStudioVersion = 10.0.40219.1
Project("{FAE04EC0-301F-11D3-BF4B-00C04F79EFBC}") = "WpfChatSignalr", "WpfChatSignalr\WpfChatSignalr.csproj", "{59679537-EACD-4CFD-A074-ABB291C029C6}"
EndProject
Project("{FAE04EC0-301F-11D3-BF4B-00C04F79EFBC}") = "ServerSignalR", "ServerSignalR\ServerSignalR.csproj", "{B4E3C4EF-EC7A-4C6D-8CAB-6A997DD920FB}"
EndProject
Global
	GlobalSection(SolutionConfigurationPlatforms) = preSolution
		Debug|Any CPU = Debug|Any CPU
		Release|Any CPU = Release|Any CPU
	EndGlobalSection
	GlobalSection(ProjectConfigurationPlatforms) = postSolution
		{59679537-EACD-4CFD-A074-ABB291C029C6}.Debug|Any CPU.ActiveCfg = Debug|Any CPU
		{59679537-EACD-4CFD-A074-ABB291C029C6}.Debug|Any CPU.Build.0 = Debug|Any CPU
		{59679537-EACD-4CFD-A074-ABB291C029C6}.Release|Any CPU.ActiveCfg = Release|Any CPU
		{59679537-EACD-4CFD-A074-ABB291C029C6}.Release|Any CPU.Build.0 = Release|Any CPU
		{B4E3C4EF-EC7A-4C6D-8CAB-6A997DD920FB}.Debug|Any CPU.ActiveCfg = Debug|Any CPU
		{B4E3C4EF-EC7A-4C6D-8CAB-6A997DD920FB}.Debug|Any CPU.Build.0 = Debug|Any CPU
		{B4E3C4EF-EC7A-4C6D-8CAB-6A997DD920FB}.Release|Any CPU.ActiveCfg = Release|Any CPU
		{B4E3C4EF-EC7A-4C6D-8CAB-6A997DD920FB}.Release|Any CPU.Build.0 = Release|Any CPU
	EndGlobalSection
	GlobalSection(SolutionProperties) = preSolution
		HideSolutionNode = FALSE
	EndGlobalSection
	GlobalSection(ExtensibilityGlobals) = postSolution
		SolutionGuid = {ACDFF610-D7B8-4BB6-91E0-8E31DBE73212}
	EndGlobalSection
EndGlobal
